
Microsoft Visual Studio Solution File, Format Version 12.00
# Visual Studio Version 17
VisualStudioVersion = 17.6.33829.357
MinimumVisualStudioVersion = 10.0.40219.1
Project("{9A19103F-16F7-4668-BE54-9A1E7A4F7556}") = "Day1p1", "Day1p1\Day1p1.csproj", "{5559B1D2-FC54-4367-994F-1F2D3DEAE6F8}"
EndProject
Project("{9A19103F-16F7-4668-BE54-9A1E7A4F7556}") = "Day1p2", "Day1p2\Day1p2.csproj", "{9DD25FC5-691F-4332-BD27-09AEE6D861DE}"
EndProject
Project("{9A19103F-16F7-4668-BE54-9A1E7A4F7556}") = "Day2", "Day2\Day2.csproj", "{52969768-32F9-4D78-ACE7-D86ECA4781DE}"
EndProject
Project("{9A19103F-16F7-4668-BE54-9A1E7A4F7556}") = "Day3", "Day3\Day3.csproj", "{AB83CB07-AC47-466F-8731-AD00D17D16D7}"
EndProject
Project("{9A19103F-16F7-4668-BE54-9A1E7A4F7556}") = "Day4", "Day4\Day4.csproj", "{4BF5AEBC-4409-46B8-8236-565E0C877C99}"
EndProject
Project("{9A19103F-16F7-4668-BE54-9A1E7A4F7556}") = "Day5", "Day5\Day5.csproj", "{135CA176-C576-4267-AEDA-0C65961922CB}"
EndProject
Project("{9A19103F-16F7-4668-BE54-9A1E7A4F7556}") = "Day6", "Day6\Day6.csproj", "{73D70ABC-8CB0-44B4-8033-CF145762BE6F}"
EndProject
Project("{9A19103F-16F7-4668-BE54-9A1E7A4F7556}") = "Day7", "Day7\Day7.csproj", "{970F7A61-03AB-43C9-BF0F-EEC9E96D16C7}"
EndProject
Project("{9A19103F-16F7-4668-BE54-9A1E7A4F7556}") = "Day8", "Day8\Day8.csproj", "{66F1BDFF-7A9E-4420-A595-CAFD88E5C4ED}"
EndProject
Project("{9A19103F-16F7-4668-BE54-9A1E7A4F7556}") = "Day9", "Day9\Day9.csproj", "{FFB2CA4E-320D-4E9F-A0ED-D5CDF227B671}"
EndProject
Project("{9A19103F-16F7-4668-BE54-9A1E7A4F7556}") = "Day10", "Day10\Day10.csproj", "{6BD4154F-5E76-4414-99A9-AAD82A8508A0}"
EndProject
Project("{9A19103F-16F7-4668-BE54-9A1E7A4F7556}") = "Day11", "Day11\Day11.csproj", "{DB4FB71B-14F3-4419-9200-9A95A5F27621}"
EndProject
Project("{9A19103F-16F7-4668-BE54-9A1E7A4F7556}") = "Day12", "Day12\Day12.csproj", "{4AAC7CD8-5312-492D-84DC-2E1A84E27453}"
EndProject
Project("{9A19103F-16F7-4668-BE54-9A1E7A4F7556}") = "Memoization", "Memoization\Memoization.csproj", "{C2A724BF-F9AA-4800-B954-1F29CF1FCD1D}"
EndProject
Project("{9A19103F-16F7-4668-BE54-9A1E7A4F7556}") = "Day13", "Day13\Day13.csproj", "{A3AF37D4-AD4C-4803-80D2-57F6226BC671}"
EndProject
Project("{9A19103F-16F7-4668-BE54-9A1E7A4F7556}") = "Day14", "Day14\Day14.csproj", "{698B009B-C199-48C9-A201-C8DC0EF92134}"
EndProject
Project("{9A19103F-16F7-4668-BE54-9A1E7A4F7556}") = "Day15", "Day15\Day15.csproj", "{3243925C-C059-4610-9CAD-3F96E53AABB5}"
EndProject
Project("{2150E333-8FDC-42A3-9474-1A3956D46DE8}") = "Solution Items", "Solution Items", "{E881C968-0AE8-41CF-92E1-68327C3114E4}"
EndProject
Project("{9A19103F-16F7-4668-BE54-9A1E7A4F7556}") = "Day16", "Day16\Day16.csproj", "{FFBC8101-4151-4798-A3C5-901395053C69}"
EndProject
Project("{9A19103F-16F7-4668-BE54-9A1E7A4F7556}") = "Day17", "Day17\Day17.csproj", "{CD79B7D3-83C1-4A59-B54F-9BD156A6753D}"
EndProject
Project("{9A19103F-16F7-4668-BE54-9A1E7A4F7556}") = "Day18", "Day18\Day18.csproj", "{00106833-5D8B-468E-ADDA-6B1DEAB61A06}"
EndProject
Project("{9A19103F-16F7-4668-BE54-9A1E7A4F7556}") = "Day19", "Day19\Day19.csproj", "{F2E72D7E-59B3-4982-BE88-6C95F68BFABE}"
EndProject
Project("{9A19103F-16F7-4668-BE54-9A1E7A4F7556}") = "Day20", "Day20\Day20.csproj", "{DEECDAF6-B592-4E12-B9D8-25E414F22C94}"
EndProject
Project("{9A19103F-16F7-4668-BE54-9A1E7A4F7556}") = "Day21", "Day21\Day21.csproj", "{45E2882B-9B69-4877-BE99-1B67B56D9BF9}"
EndProject
Project("{9A19103F-16F7-4668-BE54-9A1E7A4F7556}") = "Day22", "Day22\Day22.csproj", "{0A8D48FF-2D25-4D94-9CB1-3D45EE61E1D4}"
EndProject
Project("{9A19103F-16F7-4668-BE54-9A1E7A4F7556}") = "Day23", "Day23\Day23.csproj", "{1D669441-57EB-43B1-9736-EEC109B6ECC6}"
EndProject
Project("{FAE04EC0-301F-11D3-BF4B-00C04F79EFBC}") = "Day24", "Day24\Day24.csproj", "{D2073845-FA3A-4FFC-8CE7-D01661220E06}"
EndProject
Global
	GlobalSection(SolutionConfigurationPlatforms) = preSolution
		Debug|Any CPU = Debug|Any CPU
		Release|Any CPU = Release|Any CPU
	EndGlobalSection
	GlobalSection(ProjectConfigurationPlatforms) = postSolution
		{5559B1D2-FC54-4367-994F-1F2D3DEAE6F8}.Debug|Any CPU.ActiveCfg = Debug|Any CPU
		{5559B1D2-FC54-4367-994F-1F2D3DEAE6F8}.Debug|Any CPU.Build.0 = Debug|Any CPU
		{5559B1D2-FC54-4367-994F-1F2D3DEAE6F8}.Release|Any CPU.ActiveCfg = Release|Any CPU
		{5559B1D2-FC54-4367-994F-1F2D3DEAE6F8}.Release|Any CPU.Build.0 = Release|Any CPU
		{9DD25FC5-691F-4332-BD27-09AEE6D861DE}.Debug|Any CPU.ActiveCfg = Debug|Any CPU
		{9DD25FC5-691F-4332-BD27-09AEE6D861DE}.Debug|Any CPU.Build.0 = Debug|Any CPU
		{9DD25FC5-691F-4332-BD27-09AEE6D861DE}.Release|Any CPU.ActiveCfg = Release|Any CPU
		{9DD25FC5-691F-4332-BD27-09AEE6D861DE}.Release|Any CPU.Build.0 = Release|Any CPU
		{52969768-32F9-4D78-ACE7-D86ECA4781DE}.Debug|Any CPU.ActiveCfg = Debug|Any CPU
		{52969768-32F9-4D78-ACE7-D86ECA4781DE}.Debug|Any CPU.Build.0 = Debug|Any CPU
		{52969768-32F9-4D78-ACE7-D86ECA4781DE}.Release|Any CPU.ActiveCfg = Release|Any CPU
		{52969768-32F9-4D78-ACE7-D86ECA4781DE}.Release|Any CPU.Build.0 = Release|Any CPU
		{AB83CB07-AC47-466F-8731-AD00D17D16D7}.Debug|Any CPU.ActiveCfg = Debug|Any CPU
		{AB83CB07-AC47-466F-8731-AD00D17D16D7}.Debug|Any CPU.Build.0 = Debug|Any CPU
		{AB83CB07-AC47-466F-8731-AD00D17D16D7}.Release|Any CPU.ActiveCfg = Release|Any CPU
		{AB83CB07-AC47-466F-8731-AD00D17D16D7}.Release|Any CPU.Build.0 = Release|Any CPU
		{4BF5AEBC-4409-46B8-8236-565E0C877C99}.Debug|Any CPU.ActiveCfg = Debug|Any CPU
		{4BF5AEBC-4409-46B8-8236-565E0C877C99}.Debug|Any CPU.Build.0 = Debug|Any CPU
		{4BF5AEBC-4409-46B8-8236-565E0C877C99}.Release|Any CPU.ActiveCfg = Release|Any CPU
		{4BF5AEBC-4409-46B8-8236-565E0C877C99}.Release|Any CPU.Build.0 = Release|Any CPU
		{135CA176-C576-4267-AEDA-0C65961922CB}.Debug|Any CPU.ActiveCfg = Debug|Any CPU
		{135CA176-C576-4267-AEDA-0C65961922CB}.Debug|Any CPU.Build.0 = Debug|Any CPU
		{135CA176-C576-4267-AEDA-0C65961922CB}.Release|Any CPU.ActiveCfg = Release|Any CPU
		{135CA176-C576-4267-AEDA-0C65961922CB}.Release|Any CPU.Build.0 = Release|Any CPU
		{73D70ABC-8CB0-44B4-8033-CF145762BE6F}.Debug|Any CPU.ActiveCfg = Debug|Any CPU
		{73D70ABC-8CB0-44B4-8033-CF145762BE6F}.Debug|Any CPU.Build.0 = Debug|Any CPU
		{73D70ABC-8CB0-44B4-8033-CF145762BE6F}.Release|Any CPU.ActiveCfg = Release|Any CPU
		{73D70ABC-8CB0-44B4-8033-CF145762BE6F}.Release|Any CPU.Build.0 = Release|Any CPU
		{970F7A61-03AB-43C9-BF0F-EEC9E96D16C7}.Debug|Any CPU.ActiveCfg = Debug|Any CPU
		{970F7A61-03AB-43C9-BF0F-EEC9E96D16C7}.Debug|Any CPU.Build.0 = Debug|Any CPU
		{970F7A61-03AB-43C9-BF0F-EEC9E96D16C7}.Release|Any CPU.ActiveCfg = Release|Any CPU
		{970F7A61-03AB-43C9-BF0F-EEC9E96D16C7}.Release|Any CPU.Build.0 = Release|Any CPU
		{66F1BDFF-7A9E-4420-A595-CAFD88E5C4ED}.Debug|Any CPU.ActiveCfg = Debug|Any CPU
		{66F1BDFF-7A9E-4420-A595-CAFD88E5C4ED}.Debug|Any CPU.Build.0 = Debug|Any CPU
		{66F1BDFF-7A9E-4420-A595-CAFD88E5C4ED}.Release|Any CPU.ActiveCfg = Release|Any CPU
		{66F1BDFF-7A9E-4420-A595-CAFD88E5C4ED}.Release|Any CPU.Build.0 = Release|Any CPU
		{FFB2CA4E-320D-4E9F-A0ED-D5CDF227B671}.Debug|Any CPU.ActiveCfg = Debug|Any CPU
		{FFB2CA4E-320D-4E9F-A0ED-D5CDF227B671}.Debug|Any CPU.Build.0 = Debug|Any CPU
		{FFB2CA4E-320D-4E9F-A0ED-D5CDF227B671}.Release|Any CPU.ActiveCfg = Release|Any CPU
		{FFB2CA4E-320D-4E9F-A0ED-D5CDF227B671}.Release|Any CPU.Build.0 = Release|Any CPU
		{6BD4154F-5E76-4414-99A9-AAD82A8508A0}.Debug|Any CPU.ActiveCfg = Debug|Any CPU
		{6BD4154F-5E76-4414-99A9-AAD82A8508A0}.Debug|Any CPU.Build.0 = Debug|Any CPU
		{6BD4154F-5E76-4414-99A9-AAD82A8508A0}.Release|Any CPU.ActiveCfg = Release|Any CPU
		{6BD4154F-5E76-4414-99A9-AAD82A8508A0}.Release|Any CPU.Build.0 = Release|Any CPU
		{DB4FB71B-14F3-4419-9200-9A95A5F27621}.Debug|Any CPU.ActiveCfg = Debug|Any CPU
		{DB4FB71B-14F3-4419-9200-9A95A5F27621}.Debug|Any CPU.Build.0 = Debug|Any CPU
		{DB4FB71B-14F3-4419-9200-9A95A5F27621}.Release|Any CPU.ActiveCfg = Release|Any CPU
		{DB4FB71B-14F3-4419-9200-9A95A5F27621}.Release|Any CPU.Build.0 = Release|Any CPU
		{4AAC7CD8-5312-492D-84DC-2E1A84E27453}.Debug|Any CPU.ActiveCfg = Debug|Any CPU
		{4AAC7CD8-5312-492D-84DC-2E1A84E27453}.Debug|Any CPU.Build.0 = Debug|Any CPU
		{4AAC7CD8-5312-492D-84DC-2E1A84E27453}.Release|Any CPU.ActiveCfg = Release|Any CPU
		{4AAC7CD8-5312-492D-84DC-2E1A84E27453}.Release|Any CPU.Build.0 = Release|Any CPU
		{C2A724BF-F9AA-4800-B954-1F29CF1FCD1D}.Debug|Any CPU.ActiveCfg = Debug|Any CPU
		{C2A724BF-F9AA-4800-B954-1F29CF1FCD1D}.Debug|Any CPU.Build.0 = Debug|Any CPU
		{C2A724BF-F9AA-4800-B954-1F29CF1FCD1D}.Release|Any CPU.ActiveCfg = Release|Any CPU
		{C2A724BF-F9AA-4800-B954-1F29CF1FCD1D}.Release|Any CPU.Build.0 = Release|Any CPU
		{A3AF37D4-AD4C-4803-80D2-57F6226BC671}.Debug|Any CPU.ActiveCfg = Debug|Any CPU
		{A3AF37D4-AD4C-4803-80D2-57F6226BC671}.Debug|Any CPU.Build.0 = Debug|Any CPU
		{A3AF37D4-AD4C-4803-80D2-57F6226BC671}.Release|Any CPU.ActiveCfg = Release|Any CPU
		{A3AF37D4-AD4C-4803-80D2-57F6226BC671}.Release|Any CPU.Build.0 = Release|Any CPU
		{698B009B-C199-48C9-A201-C8DC0EF92134}.Debug|Any CPU.ActiveCfg = Debug|Any CPU
		{698B009B-C199-48C9-A201-C8DC0EF92134}.Debug|Any CPU.Build.0 = Debug|Any CPU
		{698B009B-C199-48C9-A201-C8DC0EF92134}.Release|Any CPU.ActiveCfg = Release|Any CPU
		{698B009B-C199-48C9-A201-C8DC0EF92134}.Release|Any CPU.Build.0 = Release|Any CPU
		{3243925C-C059-4610-9CAD-3F96E53AABB5}.Debug|Any CPU.ActiveCfg = Debug|Any CPU
		{3243925C-C059-4610-9CAD-3F96E53AABB5}.Debug|Any CPU.Build.0 = Debug|Any CPU
		{3243925C-C059-4610-9CAD-3F96E53AABB5}.Release|Any CPU.ActiveCfg = Release|Any CPU
		{3243925C-C059-4610-9CAD-3F96E53AABB5}.Release|Any CPU.Build.0 = Release|Any CPU
		{FFBC8101-4151-4798-A3C5-901395053C69}.Debug|Any CPU.ActiveCfg = Debug|Any CPU
		{FFBC8101-4151-4798-A3C5-901395053C69}.Debug|Any CPU.Build.0 = Debug|Any CPU
		{FFBC8101-4151-4798-A3C5-901395053C69}.Release|Any CPU.ActiveCfg = Release|Any CPU
		{FFBC8101-4151-4798-A3C5-901395053C69}.Release|Any CPU.Build.0 = Release|Any CPU
		{CD79B7D3-83C1-4A59-B54F-9BD156A6753D}.Debug|Any CPU.ActiveCfg = Debug|Any CPU
		{CD79B7D3-83C1-4A59-B54F-9BD156A6753D}.Debug|Any CPU.Build.0 = Debug|Any CPU
		{CD79B7D3-83C1-4A59-B54F-9BD156A6753D}.Release|Any CPU.ActiveCfg = Release|Any CPU
		{CD79B7D3-83C1-4A59-B54F-9BD156A6753D}.Release|Any CPU.Build.0 = Release|Any CPU
		{00106833-5D8B-468E-ADDA-6B1DEAB61A06}.Debug|Any CPU.ActiveCfg = Debug|Any CPU
		{00106833-5D8B-468E-ADDA-6B1DEAB61A06}.Debug|Any CPU.Build.0 = Debug|Any CPU
		{00106833-5D8B-468E-ADDA-6B1DEAB61A06}.Release|Any CPU.ActiveCfg = Release|Any CPU
		{00106833-5D8B-468E-ADDA-6B1DEAB61A06}.Release|Any CPU.Build.0 = Release|Any CPU
		{F2E72D7E-59B3-4982-BE88-6C95F68BFABE}.Debug|Any CPU.ActiveCfg = Debug|Any CPU
		{F2E72D7E-59B3-4982-BE88-6C95F68BFABE}.Debug|Any CPU.Build.0 = Debug|Any CPU
		{F2E72D7E-59B3-4982-BE88-6C95F68BFABE}.Release|Any CPU.ActiveCfg = Release|Any CPU
		{F2E72D7E-59B3-4982-BE88-6C95F68BFABE}.Release|Any CPU.Build.0 = Release|Any CPU
		{DEECDAF6-B592-4E12-B9D8-25E414F22C94}.Debug|Any CPU.ActiveCfg = Debug|Any CPU
		{DEECDAF6-B592-4E12-B9D8-25E414F22C94}.Debug|Any CPU.Build.0 = Debug|Any CPU
		{DEECDAF6-B592-4E12-B9D8-25E414F22C94}.Release|Any CPU.ActiveCfg = Release|Any CPU
		{DEECDAF6-B592-4E12-B9D8-25E414F22C94}.Release|Any CPU.Build.0 = Release|Any CPU
		{45E2882B-9B69-4877-BE99-1B67B56D9BF9}.Debug|Any CPU.ActiveCfg = Debug|Any CPU
		{45E2882B-9B69-4877-BE99-1B67B56D9BF9}.Debug|Any CPU.Build.0 = Debug|Any CPU
		{45E2882B-9B69-4877-BE99-1B67B56D9BF9}.Release|Any CPU.ActiveCfg = Release|Any CPU
		{45E2882B-9B69-4877-BE99-1B67B56D9BF9}.Release|Any CPU.Build.0 = Release|Any CPU
		{0A8D48FF-2D25-4D94-9CB1-3D45EE61E1D4}.Debug|Any CPU.ActiveCfg = Debug|Any CPU
		{0A8D48FF-2D25-4D94-9CB1-3D45EE61E1D4}.Debug|Any CPU.Build.0 = Debug|Any CPU
		{0A8D48FF-2D25-4D94-9CB1-3D45EE61E1D4}.Release|Any CPU.ActiveCfg = Release|Any CPU
		{0A8D48FF-2D25-4D94-9CB1-3D45EE61E1D4}.Release|Any CPU.Build.0 = Release|Any CPU
		{1D669441-57EB-43B1-9736-EEC109B6ECC6}.Debug|Any CPU.ActiveCfg = Debug|Any CPU
		{1D669441-57EB-43B1-9736-EEC109B6ECC6}.Debug|Any CPU.Build.0 = Debug|Any CPU
		{1D669441-57EB-43B1-9736-EEC109B6ECC6}.Release|Any CPU.ActiveCfg = Release|Any CPU
		{1D669441-57EB-43B1-9736-EEC109B6ECC6}.Release|Any CPU.Build.0 = Release|Any CPU
		{D2073845-FA3A-4FFC-8CE7-D01661220E06}.Debug|Any CPU.ActiveCfg = Debug|Any CPU
		{D2073845-FA3A-4FFC-8CE7-D01661220E06}.Debug|Any CPU.Build.0 = Debug|Any CPU
		{D2073845-FA3A-4FFC-8CE7-D01661220E06}.Release|Any CPU.ActiveCfg = Release|Any CPU
		{D2073845-FA3A-4FFC-8CE7-D01661220E06}.Release|Any CPU.Build.0 = Release|Any CPU
	EndGlobalSection
	GlobalSection(SolutionProperties) = preSolution
		HideSolutionNode = FALSE
	EndGlobalSection
	GlobalSection(ExtensibilityGlobals) = postSolution
		SolutionGuid = {AE4A50F9-E0C4-47AA-A658-04CD056CBC8E}
	EndGlobalSection
EndGlobal
