
Microsoft Visual Studio Solution File, Format Version 12.00
# Visual Studio Version 17
VisualStudioVersion = 17.6.33829.357
MinimumVisualStudioVersion = 10.0.40219.1
Project("{9A19103F-16F7-4668-BE54-9A1E7A4F7556}") = "Day1p1", "Day1p1\Day1p1.csproj", "{5559B1D2-FC54-4367-994F-1F2D3DEAE6F8}"
EndProject
Project("{9A19103F-16F7-4668-BE54-9A1E7A4F7556}") = "Day1p2", "Day1p2\Day1p2.csproj", "{9DD25FC5-691F-4332-BD27-09AEE6D861DE}"
EndProject
Project("{9A19103F-16F7-4668-BE54-9A1E7A4F7556}") = "Day2", "Day2\Day2.csproj", "{52969768-32F9-4D78-ACE7-D86ECA4781DE}"
EndProject
Project("{9A19103F-16F7-4668-BE54-9A1E7A4F7556}") = "Day3", "Day3\Day3.csproj", "{AB83CB07-AC47-466F-8731-AD00D17D16D7}"
EndProject
Project("{9A19103F-16F7-4668-BE54-9A1E7A4F7556}") = "Day4", "Day4\Day4.csproj", "{4BF5AEBC-4409-46B8-8236-565E0C877C99}"
EndProject
Project("{9A19103F-16F7-4668-BE54-9A1E7A4F7556}") = "Day5", "Day5\Day5.csproj", "{135CA176-C576-4267-AEDA-0C65961922CB}"
EndProject
Project("{9A19103F-16F7-4668-BE54-9A1E7A4F7556}") = "Day6", "Day6\Day6.csproj", "{73D70ABC-8CB0-44B4-8033-CF145762BE6F}"
EndProject
Project("{9A19103F-16F7-4668-BE54-9A1E7A4F7556}") = "Day7", "Day7\Day7.csproj", "{970F7A61-03AB-43C9-BF0F-EEC9E96D16C7}"
EndProject
Project("{9A19103F-16F7-4668-BE54-9A1E7A4F7556}") = "Day8", "Day8\Day8.csproj", "{66F1BDFF-7A9E-4420-A595-CAFD88E5C4ED}"
EndProject
Project("{9A19103F-16F7-4668-BE54-9A1E7A4F7556}") = "Day9", "Day9\Day9.csproj", "{FFB2CA4E-320D-4E9F-A0ED-D5CDF227B671}"
EndProject
Project("{9A19103F-16F7-4668-BE54-9A1E7A4F7556}") = "Day10", "Day10\Day10.csproj", "{6BD4154F-5E76-4414-99A9-AAD82A8508A0}"
EndProject
Project("{9A19103F-16F7-4668-BE54-9A1E7A4F7556}") = "Day11", "Day11\Day11.csproj", "{DB4FB71B-14F3-4419-9200-9A95A5F27621}"
EndProject
Project("{9A19103F-16F7-4668-BE54-9A1E7A4F7556}") = "Day12", "Day12\Day12.csproj", "{4AAC7CD8-5312-492D-84DC-2E1A84E27453}"
EndProject
Project("{9A19103F-16F7-4668-BE54-9A1E7A4F7556}") = "Memoization", "Memoization\Memoization.csproj", "{C2A724BF-F9AA-4800-B954-1F29CF1FCD1D}"
EndProject
Project("{9A19103F-16F7-4668-BE54-9A1E7A4F7556}") = "Day13", "Day13\Day13.csproj", "{A3AF37D4-AD4C-4803-80D2-57F6226BC671}"
EndProject
Project("{9A19103F-16F7-4668-BE54-9A1E7A4F7556}") = "Day14", "Day14\Day14.csproj", "{698B009B-C199-48C9-A201-C8DC0EF92134}"
EndProject
Project("{FAE04EC0-301F-11D3-BF4B-00C04F79EFBC}") = "Day15", "Day15\Day15.csproj", "{3243925C-C059-4610-9CAD-3F96E53AABB5}"
EndProject
Global
	GlobalSection(SolutionConfigurationPlatforms) = preSolution
		Debug|Any CPU = Debug|Any CPU
		Release|Any CPU = Release|Any CPU
	EndGlobalSection
	GlobalSection(ProjectConfigurationPlatforms) = postSolution
		{5559B1D2-FC54-4367-994F-1F2D3DEAE6F8}.Debug|Any CPU.ActiveCfg = Debug|Any CPU
		{5559B1D2-FC54-4367-994F-1F2D3DEAE6F8}.Debug|Any CPU.Build.0 = Debug|Any CPU
		{5559B1D2-FC54-4367-994F-1F2D3DEAE6F8}.Release|Any CPU.ActiveCfg = Release|Any CPU
		{5559B1D2-FC54-4367-994F-1F2D3DEAE6F8}.Release|Any CPU.Build.0 = Release|Any CPU
		{9DD25FC5-691F-4332-BD27-09AEE6D861DE}.Debug|Any CPU.ActiveCfg = Debug|Any CPU
		{9DD25FC5-691F-4332-BD27-09AEE6D861DE}.Debug|Any CPU.Build.0 = Debug|Any CPU
		{9DD25FC5-691F-4332-BD27-09AEE6D861DE}.Release|Any CPU.ActiveCfg = Release|Any CPU
		{9DD25FC5-691F-4332-BD27-09AEE6D861DE}.Release|Any CPU.Build.0 = Release|Any CPU
		{52969768-32F9-4D78-ACE7-D86ECA4781DE}.Debug|Any CPU.ActiveCfg = Debug|Any CPU
		{52969768-32F9-4D78-ACE7-D86ECA4781DE}.Debug|Any CPU.Build.0 = Debug|Any CPU
		{52969768-32F9-4D78-ACE7-D86ECA4781DE}.Release|Any CPU.ActiveCfg = Release|Any CPU
		{52969768-32F9-4D78-ACE7-D86ECA4781DE}.Release|Any CPU.Build.0 = Release|Any CPU
		{AB83CB07-AC47-466F-8731-AD00D17D16D7}.Debug|Any CPU.ActiveCfg = Debug|Any CPU
		{AB83CB07-AC47-466F-8731-AD00D17D16D7}.Debug|Any CPU.Build.0 = Debug|Any CPU
		{AB83CB07-AC47-466F-8731-AD00D17D16D7}.Release|Any CPU.ActiveCfg = Release|Any CPU
		{AB83CB07-AC47-466F-8731-AD00D17D16D7}.Release|Any CPU.Build.0 = Release|Any CPU
		{4BF5AEBC-4409-46B8-8236-565E0C877C99}.Debug|Any CPU.ActiveCfg = Debug|Any CPU
		{4BF5AEBC-4409-46B8-8236-565E0C877C99}.Debug|Any CPU.Build.0 = Debug|Any CPU
		{4BF5AEBC-4409-46B8-8236-565E0C877C99}.Release|Any CPU.ActiveCfg = Release|Any CPU
		{4BF5AEBC-4409-46B8-8236-565E0C877C99}.Release|Any CPU.Build.0 = Release|Any CPU
		{135CA176-C576-4267-AEDA-0C65961922CB}.Debug|Any CPU.ActiveCfg = Debug|Any CPU
		{135CA176-C576-4267-AEDA-0C65961922CB}.Debug|Any CPU.Build.0 = Debug|Any CPU
		{135CA176-C576-4267-AEDA-0C65961922CB}.Release|Any CPU.ActiveCfg = Release|Any CPU
		{135CA176-C576-4267-AEDA-0C65961922CB}.Release|Any CPU.Build.0 = Release|Any CPU
		{73D70ABC-8CB0-44B4-8033-CF145762BE6F}.Debug|Any CPU.ActiveCfg = Debug|Any CPU
		{73D70ABC-8CB0-44B4-8033-CF145762BE6F}.Debug|Any CPU.Build.0 = Debug|Any CPU
		{73D70ABC-8CB0-44B4-8033-CF145762BE6F}.Release|Any CPU.ActiveCfg = Release|Any CPU
		{73D70ABC-8CB0-44B4-8033-CF145762BE6F}.Release|Any CPU.Build.0 = Release|Any CPU
		{970F7A61-03AB-43C9-BF0F-EEC9E96D16C7}.Debug|Any CPU.ActiveCfg = Debug|Any CPU
		{970F7A61-03AB-43C9-BF0F-EEC9E96D16C7}.Debug|Any CPU.Build.0 = Debug|Any CPU
		{970F7A61-03AB-43C9-BF0F-EEC9E96D16C7}.Release|Any CPU.ActiveCfg = Release|Any CPU
		{970F7A61-03AB-43C9-BF0F-EEC9E96D16C7}.Release|Any CPU.Build.0 = Release|Any CPU
		{66F1BDFF-7A9E-4420-A595-CAFD88E5C4ED}.Debug|Any CPU.ActiveCfg = Debug|Any CPU
		{66F1BDFF-7A9E-4420-A595-CAFD88E5C4ED}.Debug|Any CPU.Build.0 = Debug|Any CPU
		{66F1BDFF-7A9E-4420-A595-CAFD88E5C4ED}.Release|Any CPU.ActiveCfg = Release|Any CPU
		{66F1BDFF-7A9E-4420-A595-CAFD88E5C4ED}.Release|Any CPU.Build.0 = Release|Any CPU
		{FFB2CA4E-320D-4E9F-A0ED-D5CDF227B671}.Debug|Any CPU.ActiveCfg = Debug|Any CPU
		{FFB2CA4E-320D-4E9F-A0ED-D5CDF227B671}.Debug|Any CPU.Build.0 = Debug|Any CPU
		{FFB2CA4E-320D-4E9F-A0ED-D5CDF227B671}.Release|Any CPU.ActiveCfg = Release|Any CPU
		{FFB2CA4E-320D-4E9F-A0ED-D5CDF227B671}.Release|Any CPU.Build.0 = Release|Any CPU
		{6BD4154F-5E76-4414-99A9-AAD82A8508A0}.Debug|Any CPU.ActiveCfg = Debug|Any CPU
		{6BD4154F-5E76-4414-99A9-AAD82A8508A0}.Debug|Any CPU.Build.0 = Debug|Any CPU
		{6BD4154F-5E76-4414-99A9-AAD82A8508A0}.Release|Any CPU.ActiveCfg = Release|Any CPU
		{6BD4154F-5E76-4414-99A9-AAD82A8508A0}.Release|Any CPU.Build.0 = Release|Any CPU
		{DB4FB71B-14F3-4419-9200-9A95A5F27621}.Debug|Any CPU.ActiveCfg = Debug|Any CPU
		{DB4FB71B-14F3-4419-9200-9A95A5F27621}.Debug|Any CPU.Build.0 = Debug|Any CPU
		{DB4FB71B-14F3-4419-9200-9A95A5F27621}.Release|Any CPU.ActiveCfg = Release|Any CPU
		{DB4FB71B-14F3-4419-9200-9A95A5F27621}.Release|Any CPU.Build.0 = Release|Any CPU
		{4AAC7CD8-5312-492D-84DC-2E1A84E27453}.Debug|Any CPU.ActiveCfg = Debug|Any CPU
		{4AAC7CD8-5312-492D-84DC-2E1A84E27453}.Debug|Any CPU.Build.0 = Debug|Any CPU
		{4AAC7CD8-5312-492D-84DC-2E1A84E27453}.Release|Any CPU.ActiveCfg = Release|Any CPU
		{4AAC7CD8-5312-492D-84DC-2E1A84E27453}.Release|Any CPU.Build.0 = Release|Any CPU
		{C2A724BF-F9AA-4800-B954-1F29CF1FCD1D}.Debug|Any CPU.ActiveCfg = Debug|Any CPU
		{C2A724BF-F9AA-4800-B954-1F29CF1FCD1D}.Debug|Any CPU.Build.0 = Debug|Any CPU
		{C2A724BF-F9AA-4800-B954-1F29CF1FCD1D}.Release|Any CPU.ActiveCfg = Release|Any CPU
		{C2A724BF-F9AA-4800-B954-1F29CF1FCD1D}.Release|Any CPU.Build.0 = Release|Any CPU
		{A3AF37D4-AD4C-4803-80D2-57F6226BC671}.Debug|Any CPU.ActiveCfg = Debug|Any CPU
		{A3AF37D4-AD4C-4803-80D2-57F6226BC671}.Debug|Any CPU.Build.0 = Debug|Any CPU
		{A3AF37D4-AD4C-4803-80D2-57F6226BC671}.Release|Any CPU.ActiveCfg = Release|Any CPU
		{A3AF37D4-AD4C-4803-80D2-57F6226BC671}.Release|Any CPU.Build.0 = Release|Any CPU
		{698B009B-C199-48C9-A201-C8DC0EF92134}.Debug|Any CPU.ActiveCfg = Debug|Any CPU
		{698B009B-C199-48C9-A201-C8DC0EF92134}.Debug|Any CPU.Build.0 = Debug|Any CPU
		{698B009B-C199-48C9-A201-C8DC0EF92134}.Release|Any CPU.ActiveCfg = Release|Any CPU
		{698B009B-C199-48C9-A201-C8DC0EF92134}.Release|Any CPU.Build.0 = Release|Any CPU
		{3243925C-C059-4610-9CAD-3F96E53AABB5}.Debug|Any CPU.ActiveCfg = Debug|Any CPU
		{3243925C-C059-4610-9CAD-3F96E53AABB5}.Debug|Any CPU.Build.0 = Debug|Any CPU
		{3243925C-C059-4610-9CAD-3F96E53AABB5}.Release|Any CPU.ActiveCfg = Release|Any CPU
		{3243925C-C059-4610-9CAD-3F96E53AABB5}.Release|Any CPU.Build.0 = Release|Any CPU
	EndGlobalSection
	GlobalSection(SolutionProperties) = preSolution
		HideSolutionNode = FALSE
	EndGlobalSection
	GlobalSection(ExtensibilityGlobals) = postSolution
		SolutionGuid = {AE4A50F9-E0C4-47AA-A658-04CD056CBC8E}
	EndGlobalSection
EndGlobal
